
Microsoft Visual Studio Solution File, Format Version 12.00
# Visual Studio Version 16
VisualStudioVersion = 16.0.29020.237
MinimumVisualStudioVersion = 10.0.40219.1
Project("{9092AA53-FB77-4645-B42D-1CCCA6BD08BD}") = "tg", "tg.njsproj", "{1E30DF82-150D-43D9-9182-F7B9D2F613ED}"
EndProject
Global
	GlobalSection(SolutionConfigurationPlatforms) = preSolution
		Debug|Any CPU = Debug|Any CPU
		Release|Any CPU = Release|Any CPU
	EndGlobalSection
	GlobalSection(ProjectConfigurationPlatforms) = postSolution
		{1E30DF82-150D-43D9-9182-F7B9D2F613ED}.Debug|Any CPU.ActiveCfg = Debug|Any CPU
		{1E30DF82-150D-43D9-9182-F7B9D2F613ED}.Debug|Any CPU.Build.0 = Debug|Any CPU
		{1E30DF82-150D-43D9-9182-F7B9D2F613ED}.Release|Any CPU.ActiveCfg = Release|Any CPU
		{1E30DF82-150D-43D9-9182-F7B9D2F613ED}.Release|Any CPU.Build.0 = Release|Any CPU
	EndGlobalSection
	GlobalSection(SolutionProperties) = preSolution
		HideSolutionNode = FALSE
	EndGlobalSection
	GlobalSection(ExtensibilityGlobals) = postSolution
		SolutionGuid = {EAB733A3-B039-4D77-92DD-407B83654B6E}
	EndGlobalSection
EndGlobal
